
Microsoft Visual Studio Solution File, Format Version 12.00
# Visual Studio 2012
Project("{FAE04EC0-301F-11D3-BF4B-00C04F79EFBC}") = "UMengSdkMessage", "UMengSdkMessage\UMengSdkMessage.csproj", "{16A0EB90-AE4D-412E-989E-5F5DF96D1DFC}"
EndProject
Project("{FAE04EC0-301F-11D3-BF4B-00C04F79EFBC}") = "Sample", "Sample\Sample.csproj", "{EDFBAD84-4F1D-4476-AF78-765CA6E36D42}"
EndProject
Global
	GlobalSection(SolutionConfigurationPlatforms) = preSolution
		Debug|Any CPU = Debug|Any CPU
		Release|Any CPU = Release|Any CPU
	EndGlobalSection
	GlobalSection(ProjectConfigurationPlatforms) = postSolution
		{16A0EB90-AE4D-412E-989E-5F5DF96D1DFC}.Debug|Any CPU.ActiveCfg = Debug|Any CPU
		{16A0EB90-AE4D-412E-989E-5F5DF96D1DFC}.Debug|Any CPU.Build.0 = Debug|Any CPU
		{16A0EB90-AE4D-412E-989E-5F5DF96D1DFC}.Release|Any CPU.ActiveCfg = Release|Any CPU
		{16A0EB90-AE4D-412E-989E-5F5DF96D1DFC}.Release|Any CPU.Build.0 = Release|Any CPU
		{EDFBAD84-4F1D-4476-AF78-765CA6E36D42}.Debug|Any CPU.ActiveCfg = Debug|Any CPU
		{EDFBAD84-4F1D-4476-AF78-765CA6E36D42}.Debug|Any CPU.Build.0 = Debug|Any CPU
		{EDFBAD84-4F1D-4476-AF78-765CA6E36D42}.Debug|Any CPU.Deploy.0 = Debug|Any CPU
		{EDFBAD84-4F1D-4476-AF78-765CA6E36D42}.Release|Any CPU.ActiveCfg = Release|Any CPU
		{EDFBAD84-4F1D-4476-AF78-765CA6E36D42}.Release|Any CPU.Build.0 = Release|Any CPU
		{EDFBAD84-4F1D-4476-AF78-765CA6E36D42}.Release|Any CPU.Deploy.0 = Release|Any CPU
	EndGlobalSection
	GlobalSection(SolutionProperties) = preSolution
		HideSolutionNode = FALSE
	EndGlobalSection
EndGlobal
